
Microsoft Visual Studio Solution File, Format Version 12.00
# Visual Studio Version 17
VisualStudioVersion = 17.14.36203.30
MinimumVisualStudioVersion = 10.0.40219.1
Project("{FAE04EC0-301F-11D3-BF4B-00C04F79EFBC}") = "Frontend.SharedRazorClassLibrary", "Frontend.SharedRazorClassLibrary\Frontend.SharedRazorClassLibrary.csproj", "{58540A5C-DAD9-40AD-AD5E-7FE33B84CE8B}"
EndProject
Project("{FAE04EC0-301F-11D3-BF4B-00C04F79EFBC}") = "Frontend.Test.WebExampleAppNet8", "Frontend.Test.WebExampleAppNet8\Frontend.Test.WebExampleAppNet8.csproj", "{4E71E106-4BB1-4585-9797-1039CE21FE55}"
EndProject
Project("{FAE04EC0-301F-11D3-BF4B-00C04F79EFBC}") = "Frontend.Test.WebExampleAppNet9", "Frontend.Test.WebExampleAppNet9\Frontend.Test.WebExampleAppNet9.csproj", "{DDD7A562-7C83-4D4A-8F1C-12086A9E9508}"
EndProject
Global
	GlobalSection(SolutionConfigurationPlatforms) = preSolution
		Debug|Any CPU = Debug|Any CPU
		Release|Any CPU = Release|Any CPU
	EndGlobalSection
	GlobalSection(ProjectConfigurationPlatforms) = postSolution
		{58540A5C-DAD9-40AD-AD5E-7FE33B84CE8B}.Debug|Any CPU.ActiveCfg = Debug|Any CPU
		{58540A5C-DAD9-40AD-AD5E-7FE33B84CE8B}.Debug|Any CPU.Build.0 = Debug|Any CPU
		{58540A5C-DAD9-40AD-AD5E-7FE33B84CE8B}.Release|Any CPU.ActiveCfg = Release|Any CPU
		{58540A5C-DAD9-40AD-AD5E-7FE33B84CE8B}.Release|Any CPU.Build.0 = Release|Any CPU
		{4E71E106-4BB1-4585-9797-1039CE21FE55}.Debug|Any CPU.ActiveCfg = Debug|Any CPU
		{4E71E106-4BB1-4585-9797-1039CE21FE55}.Debug|Any CPU.Build.0 = Debug|Any CPU
		{4E71E106-4BB1-4585-9797-1039CE21FE55}.Release|Any CPU.ActiveCfg = Release|Any CPU
		{4E71E106-4BB1-4585-9797-1039CE21FE55}.Release|Any CPU.Build.0 = Release|Any CPU
		{DDD7A562-7C83-4D4A-8F1C-12086A9E9508}.Debug|Any CPU.ActiveCfg = Debug|Any CPU
		{DDD7A562-7C83-4D4A-8F1C-12086A9E9508}.Debug|Any CPU.Build.0 = Debug|Any CPU
		{DDD7A562-7C83-4D4A-8F1C-12086A9E9508}.Release|Any CPU.ActiveCfg = Release|Any CPU
		{DDD7A562-7C83-4D4A-8F1C-12086A9E9508}.Release|Any CPU.Build.0 = Release|Any CPU
	EndGlobalSection
	GlobalSection(SolutionProperties) = preSolution
		HideSolutionNode = FALSE
	EndGlobalSection
	GlobalSection(ExtensibilityGlobals) = postSolution
		SolutionGuid = {83EFED81-C591-429A-97B1-5C5E14E4A8BC}
	EndGlobalSection
EndGlobal
