
Microsoft Visual Studio Solution File, Format Version 12.00
# Visual Studio Version 18
VisualStudioVersion = 18.0.11222.15
MinimumVisualStudioVersion = 10.0.40219.1
Project("{FAE04EC0-301F-11D3-BF4B-00C04F79EFBC}") = "Web.SharedRazorClassLibrary", "Frontend.SharedRazorClassLibrary\Web.SharedRazorClassLibrary.csproj", "{58540A5C-DAD9-40AD-AD5E-7FE33B84CE8B}"
EndProject
Project("{FAE04EC0-301F-11D3-BF4B-00C04F79EFBC}") = "Tests.Frontend.SqlServerWebApp", "Frontend.Test.WebExampleAppNet8\Tests.Frontend.SqlServerWebApp.csproj", "{4E71E106-4BB1-4585-9797-1039CE21FE55}"
EndProject
Project("{FAE04EC0-301F-11D3-BF4B-00C04F79EFBC}") = "Tests.Frontend.SqliteWebApp", "Frontend.Test.WebExampleAppNet9\Tests.Frontend.SqliteWebApp.csproj", "{DDD7A562-7C83-4D4A-8F1C-12086A9E9508}"
EndProject
Project("{FAE04EC0-301F-11D3-BF4B-00C04F79EFBC}") = "Core.Domain", "Core.Domain\Core.Domain.csproj", "{AB198B45-C492-42AF-B0CC-D951C5D270F3}"
EndProject
Project("{FAE04EC0-301F-11D3-BF4B-00C04F79EFBC}") = "Core.Application", "Core.Application\Core.Application.csproj", "{B76892BF-AC33-4CB4-881E-88F905E09CEF}"
EndProject
Project("{FAE04EC0-301F-11D3-BF4B-00C04F79EFBC}") = "Infrastructure.Persistence", "Infrastructure.Persistence\Infrastructure.Persistence.csproj", "{2FF0CB72-ED39-4B66-9683-CCC55F379EA8}"
EndProject
Project("{FAE04EC0-301F-11D3-BF4B-00C04F79EFBC}") = "Infrastructure.Persistence.Sqlite", "Infrastructure.Persistence.Sqlite\Infrastructure.Persistence.Sqlite.csproj", "{F5B10F6D-9A5D-4142-BABC-741A03EEBAA0}"
EndProject
Project("{FAE04EC0-301F-11D3-BF4B-00C04F79EFBC}") = "Infrastructure.Persistence.SqlServer", "Infrastructure.Persistence.SqlServer\Infrastructure.Persistence.SqlServer.csproj", "{E37337A9-1EE1-40B0-BE6C-74498D36085E}"
EndProject
Project("{FAE04EC0-301F-11D3-BF4B-00C04F79EFBC}") = "Core.Application.UnitTests", "Core.Application.UnitTests\Core.Application.UnitTests.csproj", "{26BC29A4-44B3-48F4-B391-D2CD4820237C}"
EndProject
Project("{FAE04EC0-301F-11D3-BF4B-00C04F79EFBC}") = "Infrastructure.Persistence.UnitTests", "Infrastructure.Persistence.UnitTests\Infrastructure.Persistence.UnitTests.csproj", "{D1568B2F-EE27-4235-BEFA-B833642AEC57}"
EndProject
Project("{FAE04EC0-301F-11D3-BF4B-00C04F79EFBC}") = "Web.SharedRazorClassLibrary.UnitTests", "Web.SharedRazorClassLibrary.UnitTests\Web.SharedRazorClassLibrary.UnitTests.csproj", "{55F6C06F-28AE-427B-866D-B806F9BBBAFE}"
EndProject
Project("{FAE04EC0-301F-11D3-BF4B-00C04F79EFBC}") = "Core.Domain.UnitTests", "Core.Domain.UnitTests\Core.Domain.UnitTests.csproj", "{A410594C-41F8-9749-47D9-3E6B36D538F7}"
EndProject
Global
	GlobalSection(SolutionConfigurationPlatforms) = preSolution
		Debug|Any CPU = Debug|Any CPU
		Release|Any CPU = Release|Any CPU
	EndGlobalSection
	GlobalSection(ProjectConfigurationPlatforms) = postSolution
		{58540A5C-DAD9-40AD-AD5E-7FE33B84CE8B}.Debug|Any CPU.ActiveCfg = Debug|Any CPU
		{58540A5C-DAD9-40AD-AD5E-7FE33B84CE8B}.Debug|Any CPU.Build.0 = Debug|Any CPU
		{58540A5C-DAD9-40AD-AD5E-7FE33B84CE8B}.Release|Any CPU.ActiveCfg = Release|Any CPU
		{58540A5C-DAD9-40AD-AD5E-7FE33B84CE8B}.Release|Any CPU.Build.0 = Release|Any CPU
		{4E71E106-4BB1-4585-9797-1039CE21FE55}.Debug|Any CPU.ActiveCfg = Debug|Any CPU
		{4E71E106-4BB1-4585-9797-1039CE21FE55}.Debug|Any CPU.Build.0 = Debug|Any CPU
		{4E71E106-4BB1-4585-9797-1039CE21FE55}.Release|Any CPU.ActiveCfg = Release|Any CPU
		{4E71E106-4BB1-4585-9797-1039CE21FE55}.Release|Any CPU.Build.0 = Release|Any CPU
		{DDD7A562-7C83-4D4A-8F1C-12086A9E9508}.Debug|Any CPU.ActiveCfg = Debug|Any CPU
		{DDD7A562-7C83-4D4A-8F1C-12086A9E9508}.Debug|Any CPU.Build.0 = Debug|Any CPU
		{DDD7A562-7C83-4D4A-8F1C-12086A9E9508}.Release|Any CPU.ActiveCfg = Release|Any CPU
		{DDD7A562-7C83-4D4A-8F1C-12086A9E9508}.Release|Any CPU.Build.0 = Release|Any CPU
		{AB198B45-C492-42AF-B0CC-D951C5D270F3}.Debug|Any CPU.ActiveCfg = Debug|Any CPU
		{AB198B45-C492-42AF-B0CC-D951C5D270F3}.Debug|Any CPU.Build.0 = Debug|Any CPU
		{AB198B45-C492-42AF-B0CC-D951C5D270F3}.Release|Any CPU.ActiveCfg = Release|Any CPU
		{AB198B45-C492-42AF-B0CC-D951C5D270F3}.Release|Any CPU.Build.0 = Release|Any CPU
		{B76892BF-AC33-4CB4-881E-88F905E09CEF}.Debug|Any CPU.ActiveCfg = Debug|Any CPU
		{B76892BF-AC33-4CB4-881E-88F905E09CEF}.Debug|Any CPU.Build.0 = Debug|Any CPU
		{B76892BF-AC33-4CB4-881E-88F905E09CEF}.Release|Any CPU.ActiveCfg = Release|Any CPU
		{B76892BF-AC33-4CB4-881E-88F905E09CEF}.Release|Any CPU.Build.0 = Release|Any CPU
		{2FF0CB72-ED39-4B66-9683-CCC55F379EA8}.Debug|Any CPU.ActiveCfg = Debug|Any CPU
		{2FF0CB72-ED39-4B66-9683-CCC55F379EA8}.Debug|Any CPU.Build.0 = Debug|Any CPU
		{2FF0CB72-ED39-4B66-9683-CCC55F379EA8}.Release|Any CPU.ActiveCfg = Release|Any CPU
		{2FF0CB72-ED39-4B66-9683-CCC55F379EA8}.Release|Any CPU.Build.0 = Release|Any CPU
		{F5B10F6D-9A5D-4142-BABC-741A03EEBAA0}.Debug|Any CPU.ActiveCfg = Debug|Any CPU
		{F5B10F6D-9A5D-4142-BABC-741A03EEBAA0}.Debug|Any CPU.Build.0 = Debug|Any CPU
		{F5B10F6D-9A5D-4142-BABC-741A03EEBAA0}.Release|Any CPU.ActiveCfg = Release|Any CPU
		{F5B10F6D-9A5D-4142-BABC-741A03EEBAA0}.Release|Any CPU.Build.0 = Release|Any CPU
		{E37337A9-1EE1-40B0-BE6C-74498D36085E}.Debug|Any CPU.ActiveCfg = Debug|Any CPU
		{E37337A9-1EE1-40B0-BE6C-74498D36085E}.Debug|Any CPU.Build.0 = Debug|Any CPU
		{E37337A9-1EE1-40B0-BE6C-74498D36085E}.Release|Any CPU.ActiveCfg = Release|Any CPU
		{E37337A9-1EE1-40B0-BE6C-74498D36085E}.Release|Any CPU.Build.0 = Release|Any CPU
		{26BC29A4-44B3-48F4-B391-D2CD4820237C}.Debug|Any CPU.ActiveCfg = Debug|Any CPU
		{26BC29A4-44B3-48F4-B391-D2CD4820237C}.Debug|Any CPU.Build.0 = Debug|Any CPU
		{26BC29A4-44B3-48F4-B391-D2CD4820237C}.Release|Any CPU.ActiveCfg = Release|Any CPU
		{26BC29A4-44B3-48F4-B391-D2CD4820237C}.Release|Any CPU.Build.0 = Release|Any CPU
		{D1568B2F-EE27-4235-BEFA-B833642AEC57}.Debug|Any CPU.ActiveCfg = Debug|Any CPU
		{D1568B2F-EE27-4235-BEFA-B833642AEC57}.Debug|Any CPU.Build.0 = Debug|Any CPU
		{D1568B2F-EE27-4235-BEFA-B833642AEC57}.Release|Any CPU.ActiveCfg = Release|Any CPU
		{D1568B2F-EE27-4235-BEFA-B833642AEC57}.Release|Any CPU.Build.0 = Release|Any CPU
		{55F6C06F-28AE-427B-866D-B806F9BBBAFE}.Debug|Any CPU.ActiveCfg = Debug|Any CPU
		{55F6C06F-28AE-427B-866D-B806F9BBBAFE}.Debug|Any CPU.Build.0 = Debug|Any CPU
		{55F6C06F-28AE-427B-866D-B806F9BBBAFE}.Release|Any CPU.ActiveCfg = Release|Any CPU
		{55F6C06F-28AE-427B-866D-B806F9BBBAFE}.Release|Any CPU.Build.0 = Release|Any CPU
		{A410594C-41F8-9749-47D9-3E6B36D538F7}.Debug|Any CPU.ActiveCfg = Debug|Any CPU
		{A410594C-41F8-9749-47D9-3E6B36D538F7}.Debug|Any CPU.Build.0 = Debug|Any CPU
		{A410594C-41F8-9749-47D9-3E6B36D538F7}.Release|Any CPU.ActiveCfg = Release|Any CPU
		{A410594C-41F8-9749-47D9-3E6B36D538F7}.Release|Any CPU.Build.0 = Release|Any CPU
	EndGlobalSection
	GlobalSection(SolutionProperties) = preSolution
		HideSolutionNode = FALSE
	EndGlobalSection
	GlobalSection(ExtensibilityGlobals) = postSolution
		SolutionGuid = {83EFED81-C591-429A-97B1-5C5E14E4A8BC}
	EndGlobalSection
EndGlobal
